
Microsoft Visual Studio Solution File, Format Version 12.00
# Visual Studio 2013
VisualStudioVersion = 12.0.21005.1
MinimumVisualStudioVersion = 10.0.40219.1
Project("{2150E333-8FDC-42A3-9474-1A3956D46DE8}") = "External", "External", "{EA068EC2-F61F-43CD-9FBB-70F64143AF64}"
EndProject
Project("{8BC9CEB8-8B4A-11D0-8D11-00A0C91BC942}") = "libbox2d", "box2d\libbox2d.vcxproj", "{929480E7-23C0-4DF6-8456-096D71547116}"
EndProject
Project("{8BC9CEB8-8B4A-11D0-8D11-00A0C91BC942}") = "libbullet", "bullet\libbullet.vcxproj", "{012DFF48-A13F-4F52-B07B-F8B9D21CE95B}"
EndProject
Project("{8BC9CEB8-8B4A-11D0-8D11-00A0C91BC942}") = "librecast", "recast\librecast.vcxproj", "{41E34993-647E-4282-8384-4AB1AE31A452}"
EndProject
Project("{8BC9CEB8-8B4A-11D0-8D11-00A0C91BC942}") = "libSpine", "spine\libSpine.vcxproj", "{B7C2A162-DEC9-4418-972E-240AB3CBFCAE}"
EndProject
Project("{8BC9CEB8-8B4A-11D0-8D11-00A0C91BC942}") = "libcocos2d", "cocos2dx\libcocos2d.vcxproj", "{98A51BA8-FC3A-415B-AC8F-8C7BD464E93E}"
EndProject
Global
	GlobalSection(SolutionConfigurationPlatforms) = preSolution
		Debug|Win32 = Debug|Win32
		Release|Win32 = Release|Win32
	EndGlobalSection
	GlobalSection(ProjectConfigurationPlatforms) = postSolution
		{929480E7-23C0-4DF6-8456-096D71547116}.Debug|Win32.ActiveCfg = Debug|Win32
		{929480E7-23C0-4DF6-8456-096D71547116}.Debug|Win32.Build.0 = Debug|Win32
		{929480E7-23C0-4DF6-8456-096D71547116}.Release|Win32.ActiveCfg = Release|Win32
		{929480E7-23C0-4DF6-8456-096D71547116}.Release|Win32.Build.0 = Release|Win32
		{012DFF48-A13F-4F52-B07B-F8B9D21CE95B}.Debug|Win32.ActiveCfg = Debug|Win32
		{012DFF48-A13F-4F52-B07B-F8B9D21CE95B}.Debug|Win32.Build.0 = Debug|Win32
		{012DFF48-A13F-4F52-B07B-F8B9D21CE95B}.Release|Win32.ActiveCfg = Release|Win32
		{012DFF48-A13F-4F52-B07B-F8B9D21CE95B}.Release|Win32.Build.0 = Release|Win32
		{41E34993-647E-4282-8384-4AB1AE31A452}.Debug|Win32.ActiveCfg = Debug|Win32
		{41E34993-647E-4282-8384-4AB1AE31A452}.Debug|Win32.Build.0 = Debug|Win32
		{41E34993-647E-4282-8384-4AB1AE31A452}.Release|Win32.ActiveCfg = Release|Win32
		{41E34993-647E-4282-8384-4AB1AE31A452}.Release|Win32.Build.0 = Release|Win32
		{B7C2A162-DEC9-4418-972E-240AB3CBFCAE}.Debug|Win32.ActiveCfg = Debug|Win32
		{B7C2A162-DEC9-4418-972E-240AB3CBFCAE}.Debug|Win32.Build.0 = Debug|Win32
		{B7C2A162-DEC9-4418-972E-240AB3CBFCAE}.Release|Win32.ActiveCfg = Release|Win32
		{B7C2A162-DEC9-4418-972E-240AB3CBFCAE}.Release|Win32.Build.0 = Release|Win32
		{98A51BA8-FC3A-415B-AC8F-8C7BD464E93E}.Debug|Win32.ActiveCfg = Debug|Win32
		{98A51BA8-FC3A-415B-AC8F-8C7BD464E93E}.Debug|Win32.Build.0 = Debug|Win32
		{98A51BA8-FC3A-415B-AC8F-8C7BD464E93E}.Release|Win32.ActiveCfg = Release|Win32
		{98A51BA8-FC3A-415B-AC8F-8C7BD464E93E}.Release|Win32.Build.0 = Release|Win32
	EndGlobalSection
	GlobalSection(SolutionProperties) = preSolution
		HideSolutionNode = FALSE
	EndGlobalSection
	GlobalSection(NestedProjects) = preSolution
		{929480E7-23C0-4DF6-8456-096D71547116} = {EA068EC2-F61F-43CD-9FBB-70F64143AF64}
		{012DFF48-A13F-4F52-B07B-F8B9D21CE95B} = {EA068EC2-F61F-43CD-9FBB-70F64143AF64}
		{41E34993-647E-4282-8384-4AB1AE31A452} = {EA068EC2-F61F-43CD-9FBB-70F64143AF64}
		{B7C2A162-DEC9-4418-972E-240AB3CBFCAE} = {EA068EC2-F61F-43CD-9FBB-70F64143AF64}
	EndGlobalSection
EndGlobal
