
Microsoft Visual Studio Solution File, Format Version 12.00
# Visual Studio 2013
VisualStudioVersion = 12.0.21005.1
MinimumVisualStudioVersion = 10.0.40219.1
Project("{8BC9CEB8-8B4A-11D0-8D11-00A0C91BC942}") = "libcommon", "common\libcommon.vcxproj", "{0FF9D2FC-C0BE-485D-BEFE-67BD364FBEBB}"
EndProject
Project("{8BC9CEB8-8B4A-11D0-8D11-00A0C91BC942}") = "libluascript", "luascript\libluascript.vcxproj", "{DF8AAC5B-A06B-428D-B1BC-64822AAF3F95}"
EndProject
Project("{8BC9CEB8-8B4A-11D0-8D11-00A0C91BC942}") = "libnetwork", "network\libnetwork.vcxproj", "{39B95D12-9C6C-4022-89B8-3921AA4D9AF3}"
EndProject
Global
	GlobalSection(SolutionConfigurationPlatforms) = preSolution
		Debug|Win32 = Debug|Win32
		Release|Win32 = Release|Win32
	EndGlobalSection
	GlobalSection(ProjectConfigurationPlatforms) = postSolution
		{0FF9D2FC-C0BE-485D-BEFE-67BD364FBEBB}.Debug|Win32.ActiveCfg = Debug|Win32
		{0FF9D2FC-C0BE-485D-BEFE-67BD364FBEBB}.Debug|Win32.Build.0 = Debug|Win32
		{0FF9D2FC-C0BE-485D-BEFE-67BD364FBEBB}.Release|Win32.ActiveCfg = Release|Win32
		{0FF9D2FC-C0BE-485D-BEFE-67BD364FBEBB}.Release|Win32.Build.0 = Release|Win32
		{DF8AAC5B-A06B-428D-B1BC-64822AAF3F95}.Debug|Win32.ActiveCfg = Debug|Win32
		{DF8AAC5B-A06B-428D-B1BC-64822AAF3F95}.Debug|Win32.Build.0 = Debug|Win32
		{DF8AAC5B-A06B-428D-B1BC-64822AAF3F95}.Release|Win32.ActiveCfg = Release|Win32
		{DF8AAC5B-A06B-428D-B1BC-64822AAF3F95}.Release|Win32.Build.0 = Release|Win32
		{39B95D12-9C6C-4022-89B8-3921AA4D9AF3}.Debug|Win32.ActiveCfg = Debug|Win32
		{39B95D12-9C6C-4022-89B8-3921AA4D9AF3}.Debug|Win32.Build.0 = Debug|Win32
		{39B95D12-9C6C-4022-89B8-3921AA4D9AF3}.Release|Win32.ActiveCfg = Release|Win32
		{39B95D12-9C6C-4022-89B8-3921AA4D9AF3}.Release|Win32.Build.0 = Release|Win32
	EndGlobalSection
	GlobalSection(SolutionProperties) = preSolution
		HideSolutionNode = FALSE
	EndGlobalSection
EndGlobal
