<?xml version="1.0" encoding="utf-8"?>
<Project ToolsVersion="4.0" xmlns="http://schemas.microsoft.com/developer/msbuild/2003">
  <ItemGroup>
    <Filter Include="Source Files">
      <UniqueIdentifier>{4FC737F1-C7A5-4376-A066-2A32D752A2FF}</UniqueIdentifier>
      <Extensions>cpp;c;cc;cxx;def;odl;idl;hpj;bat;asm;asmx</Extensions>
    </Filter>
    <Filter Include="Header Files">
      <UniqueIdentifier>{93995380-89BD-4b04-88EB-625FBE52EBFB}</UniqueIdentifier>
      <Extensions>h;hpp;hxx;hm;inl;inc;xsd</Extensions>
    </Filter>
    <Filter Include="NetworkCore">
      <UniqueIdentifier>{6195b425-2be5-46d8-ad7d-69e6a80cb3b8}</UniqueIdentifier>
    </Filter>
  </ItemGroup>
  <ItemGroup>
    <ClCompile Include="stdafx.cpp">
      <Filter>Source Files</Filter>
    </ClCompile>
    <ClCompile Include="Src\Acceptor.cpp">
      <Filter>NetworkCore</Filter>
    </ClCompile>
    <ClCompile Include="Src\Connector.cpp">
      <Filter>NetworkCore</Filter>
    </ClCompile>
    <ClCompile Include="Src\IOCPServer.cpp">
      <Filter>NetworkCore</Filter>
    </ClCompile>
    <ClCompile Include="Src\IoHandler.cpp">
      <Filter>NetworkCore</Filter>
    </ClCompile>
    <ClCompile Include="Src\MsWinsockUtil.cpp">
      <Filter>NetworkCore</Filter>
    </ClCompile>
    <ClCompile Include="Src\NetworkObject.cpp">
      <Filter>NetworkCore</Filter>
    </ClCompile>
    <ClCompile Include="Src\RC4Encry.cpp">
      <Filter>NetworkCore</Filter>
    </ClCompile>
    <ClCompile Include="Src\Session.cpp">
      <Filter>NetworkCore</Filter>
    </ClCompile>
    <ClCompile Include="Src\SessionList.cpp">
      <Filter>NetworkCore</Filter>
    </ClCompile>
    <ClCompile Include="Src\SessionPool.cpp">
      <Filter>NetworkCore</Filter>
    </ClCompile>
  </ItemGroup>
  <ItemGroup>
    <ClInclude Include="stdafx.h">
      <Filter>Header Files</Filter>
    </ClInclude>
    <ClInclude Include="Include\Acceptor.h">
      <Filter>NetworkCore</Filter>
    </ClInclude>
    <ClInclude Include="Include\CircuitQueue.h">
      <Filter>NetworkCore</Filter>
    </ClInclude>
    <ClInclude Include="Include\Connector.h">
      <Filter>NetworkCore</Filter>
    </ClInclude>
    <ClInclude Include="Include\IOCPServer.h">
      <Filter>NetworkCore</Filter>
    </ClInclude>
    <ClInclude Include="Include\IoHandler.h">
      <Filter>NetworkCore</Filter>
    </ClInclude>
    <ClInclude Include="Include\MsWinsockUtil.h">
      <Filter>NetworkCore</Filter>
    </ClInclude>
    <ClInclude Include="Include\NetBase.h">
      <Filter>NetworkCore</Filter>
    </ClInclude>
    <ClInclude Include="Include\NetworkObject.h">
      <Filter>NetworkCore</Filter>
    </ClInclude>
    <ClInclude Include="Include\RC4Encry.h">
      <Filter>NetworkCore</Filter>
    </ClInclude>
    <ClInclude Include="Include\RecvBuffer.h">
      <Filter>NetworkCore</Filter>
    </ClInclude>
    <ClInclude Include="Include\SendBuffer.h">
      <Filter>NetworkCore</Filter>
    </ClInclude>
    <ClInclude Include="Include\Session.h">
      <Filter>NetworkCore</Filter>
    </ClInclude>
    <ClInclude Include="Include\SessionList.h">
      <Filter>NetworkCore</Filter>
    </ClInclude>
    <ClInclude Include="Include\SessionPool.h">
      <Filter>NetworkCore</Filter>
    </ClInclude>
    <ClInclude Include="Include\targetver.h">
      <Filter>NetworkCore</Filter>
    </ClInclude>
    <ClInclude Include="Include\UnLockCircuitQueue.h">
      <Filter>NetworkCore</Filter>
    </ClInclude>
  </ItemGroup>
  <ItemGroup>
    <Text Include="ReadMe.txt" />
  </ItemGroup>
</Project>