// !$*UTF8*$!
{
	archiveVersion = 1;
	classes = {
	};
	objectVersion = 46;
	objects = {

/* Begin PBXBuildFile section */
		0483670C223E769C00DF796D /* stringpool.c in Sources */ = {isa = PBXBuildFile; fileRef = 048366FC223E769B00DF796D /* stringpool.c */; };
		0483670D223E769C00DF796D /* bootstrap.c in Sources */ = {isa = PBXBuildFile; fileRef = 048366FD223E769B00DF796D /* bootstrap.c */; };
		0483670E223E769C00DF796D /* register.c in Sources */ = {isa = PBXBuildFile; fileRef = 048366FE223E769B00DF796D /* register.c */; };
		0483670F223E769C00DF796D /* decode.c in Sources */ = {isa = PBXBuildFile; fileRef = 048366FF223E769B00DF796D /* decode.c */; };
		04836710223E769C00DF796D /* pattern.c in Sources */ = {isa = PBXBuildFile; fileRef = 04836700223E769B00DF796D /* pattern.c */; };
		04836711223E769C00DF796D /* context.c in Sources */ = {isa = PBXBuildFile; fileRef = 04836701223E769B00DF796D /* context.c */; };
		04836712223E769C00DF796D /* wmessage.c in Sources */ = {isa = PBXBuildFile; fileRef = 04836702223E769B00DF796D /* wmessage.c */; };
		04836713223E769C00DF796D /* map.c in Sources */ = {isa = PBXBuildFile; fileRef = 04836703223E769B00DF796D /* map.c */; };
		04836714223E769C00DF796D /* alloc.c in Sources */ = {isa = PBXBuildFile; fileRef = 04836704223E769B00DF796D /* alloc.c */; };
		04836715223E769C00DF796D /* varint.c in Sources */ = {isa = PBXBuildFile; fileRef = 04836705223E769B00DF796D /* varint.c */; };
		04836716223E769C00DF796D /* rmessage.c in Sources */ = {isa = PBXBuildFile; fileRef = 04836706223E769B00DF796D /* rmessage.c */; };
		04836717223E769C00DF796D /* array.c in Sources */ = {isa = PBXBuildFile; fileRef = 04836707223E769C00DF796D /* array.c */; };
		04836718223E769C00DF796D /* proto.c in Sources */ = {isa = PBXBuildFile; fileRef = 04836708223E769C00DF796D /* proto.c */; };
		04836719223E769C00DF796D /* pbc-lua.c in Sources */ = {isa = PBXBuildFile; fileRef = 0483670B223E769C00DF796D /* pbc-lua.c */; };
/* End PBXBuildFile section */

/* Begin PBXCopyFilesBuildPhase section */
		0DA1635C17A7C18B00FF4531 /* CopyFiles */ = {
			isa = PBXCopyFilesBuildPhase;
			buildActionMask = 2147483647;
			dstPath = "include/${PRODUCT_NAME}";
			dstSubfolderSpec = 16;
			files = (
			);
			runOnlyForDeploymentPostprocessing = 0;
		};
/* End PBXCopyFilesBuildPhase section */

/* Begin PBXFileReference section */
		048366FC223E769B00DF796D /* stringpool.c */ = {isa = PBXFileReference; fileEncoding = 4; lastKnownFileType = sourcecode.c.c; name = stringpool.c; path = ../../../libs_src/pbc/stringpool.c; sourceTree = "<group>"; };
		048366FD223E769B00DF796D /* bootstrap.c */ = {isa = PBXFileReference; fileEncoding = 4; lastKnownFileType = sourcecode.c.c; name = bootstrap.c; path = ../../../libs_src/pbc/bootstrap.c; sourceTree = "<group>"; };
		048366FE223E769B00DF796D /* register.c */ = {isa = PBXFileReference; fileEncoding = 4; lastKnownFileType = sourcecode.c.c; name = register.c; path = ../../../libs_src/pbc/register.c; sourceTree = "<group>"; };
		048366FF223E769B00DF796D /* decode.c */ = {isa = PBXFileReference; fileEncoding = 4; lastKnownFileType = sourcecode.c.c; name = decode.c; path = ../../../libs_src/pbc/decode.c; sourceTree = "<group>"; };
		04836700223E769B00DF796D /* pattern.c */ = {isa = PBXFileReference; fileEncoding = 4; lastKnownFileType = sourcecode.c.c; name = pattern.c; path = ../../../libs_src/pbc/pattern.c; sourceTree = "<group>"; };
		04836701223E769B00DF796D /* context.c */ = {isa = PBXFileReference; fileEncoding = 4; lastKnownFileType = sourcecode.c.c; name = context.c; path = ../../../libs_src/pbc/context.c; sourceTree = "<group>"; };
		04836702223E769B00DF796D /* wmessage.c */ = {isa = PBXFileReference; fileEncoding = 4; lastKnownFileType = sourcecode.c.c; name = wmessage.c; path = ../../../libs_src/pbc/wmessage.c; sourceTree = "<group>"; };
		04836703223E769B00DF796D /* map.c */ = {isa = PBXFileReference; fileEncoding = 4; lastKnownFileType = sourcecode.c.c; name = map.c; path = ../../../libs_src/pbc/map.c; sourceTree = "<group>"; };
		04836704223E769B00DF796D /* alloc.c */ = {isa = PBXFileReference; fileEncoding = 4; lastKnownFileType = sourcecode.c.c; name = alloc.c; path = ../../../libs_src/pbc/alloc.c; sourceTree = "<group>"; };
		04836705223E769B00DF796D /* varint.c */ = {isa = PBXFileReference; fileEncoding = 4; lastKnownFileType = sourcecode.c.c; name = varint.c; path = ../../../libs_src/pbc/varint.c; sourceTree = "<group>"; };
		04836706223E769B00DF796D /* rmessage.c */ = {isa = PBXFileReference; fileEncoding = 4; lastKnownFileType = sourcecode.c.c; name = rmessage.c; path = ../../../libs_src/pbc/rmessage.c; sourceTree = "<group>"; };
		04836707223E769C00DF796D /* array.c */ = {isa = PBXFileReference; fileEncoding = 4; lastKnownFileType = sourcecode.c.c; name = array.c; path = ../../../libs_src/pbc/array.c; sourceTree = "<group>"; };
		04836708223E769C00DF796D /* proto.c */ = {isa = PBXFileReference; fileEncoding = 4; lastKnownFileType = sourcecode.c.c; name = proto.c; path = ../../../libs_src/pbc/proto.c; sourceTree = "<group>"; };
		0483670B223E769C00DF796D /* pbc-lua.c */ = {isa = PBXFileReference; fileEncoding = 4; lastKnownFileType = sourcecode.c.c; path = "pbc-lua.c"; sourceTree = "<group>"; };
		0483671A223E76AC00DF796D /* bootstrap.h */ = {isa = PBXFileReference; fileEncoding = 4; lastKnownFileType = sourcecode.c.h; name = bootstrap.h; path = ../../../libs/include/pbc/bootstrap.h; sourceTree = "<group>"; };
		0483671B223E76AC00DF796D /* alloc.h */ = {isa = PBXFileReference; fileEncoding = 4; lastKnownFileType = sourcecode.c.h; name = alloc.h; path = ../../../libs/include/pbc/alloc.h; sourceTree = "<group>"; };
		0483671C223E76AC00DF796D /* descriptor.pbc.h */ = {isa = PBXFileReference; fileEncoding = 4; lastKnownFileType = sourcecode.c.h; name = descriptor.pbc.h; path = ../../../libs/include/pbc/descriptor.pbc.h; sourceTree = "<group>"; };
		0483671D223E76AC00DF796D /* proto.h */ = {isa = PBXFileReference; fileEncoding = 4; lastKnownFileType = sourcecode.c.h; name = proto.h; path = ../../../libs/include/pbc/proto.h; sourceTree = "<group>"; };
		0483671E223E76AC00DF796D /* pbc.h */ = {isa = PBXFileReference; fileEncoding = 4; lastKnownFileType = sourcecode.c.h; name = pbc.h; path = ../../../libs/include/pbc/pbc.h; sourceTree = "<group>"; };
		0483671F223E76AC00DF796D /* array.h */ = {isa = PBXFileReference; fileEncoding = 4; lastKnownFileType = sourcecode.c.h; name = array.h; path = ../../../libs/include/pbc/array.h; sourceTree = "<group>"; };
		04836720223E76AC00DF796D /* pattern.h */ = {isa = PBXFileReference; fileEncoding = 4; lastKnownFileType = sourcecode.c.h; name = pattern.h; path = ../../../libs/include/pbc/pattern.h; sourceTree = "<group>"; };
		04836721223E76AC00DF796D /* map.h */ = {isa = PBXFileReference; fileEncoding = 4; lastKnownFileType = sourcecode.c.h; name = map.h; path = ../../../libs/include/pbc/map.h; sourceTree = "<group>"; };
		04836722223E76AC00DF796D /* stringpool.h */ = {isa = PBXFileReference; fileEncoding = 4; lastKnownFileType = sourcecode.c.h; name = stringpool.h; path = ../../../libs/include/pbc/stringpool.h; sourceTree = "<group>"; };
		04836723223E76AC00DF796D /* varint.h */ = {isa = PBXFileReference; fileEncoding = 4; lastKnownFileType = sourcecode.c.h; name = varint.h; path = ../../../libs/include/pbc/varint.h; sourceTree = "<group>"; };
		04836724223E76AC00DF796D /* context.h */ = {isa = PBXFileReference; fileEncoding = 4; lastKnownFileType = sourcecode.c.h; name = context.h; path = ../../../libs/include/pbc/context.h; sourceTree = "<group>"; };
		0DA1635E17A7C18B00FF4531 /* libpbc.a */ = {isa = PBXFileReference; explicitFileType = archive.ar; includeInIndex = 0; path = libpbc.a; sourceTree = BUILT_PRODUCTS_DIR; };
/* End PBXFileReference section */

/* Begin PBXFrameworksBuildPhase section */
		0DA1635B17A7C18B00FF4531 /* Frameworks */ = {
			isa = PBXFrameworksBuildPhase;
			buildActionMask = 2147483647;
			files = (
			);
			runOnlyForDeploymentPostprocessing = 0;
		};
/* End PBXFrameworksBuildPhase section */

/* Begin PBXGroup section */
		048366FA223E768300DF796D /* include */ = {
			isa = PBXGroup;
			children = (
				0483671B223E76AC00DF796D /* alloc.h */,
				0483671F223E76AC00DF796D /* array.h */,
				0483671A223E76AC00DF796D /* bootstrap.h */,
				04836724223E76AC00DF796D /* context.h */,
				0483671C223E76AC00DF796D /* descriptor.pbc.h */,
				04836721223E76AC00DF796D /* map.h */,
				04836720223E76AC00DF796D /* pattern.h */,
				0483671E223E76AC00DF796D /* pbc.h */,
				0483671D223E76AC00DF796D /* proto.h */,
				04836722223E76AC00DF796D /* stringpool.h */,
				04836723223E76AC00DF796D /* varint.h */,
			);
			name = include;
			sourceTree = "<group>";
		};
		048366FB223E768D00DF796D /* src */ = {
			isa = PBXGroup;
			children = (
				04836704223E769B00DF796D /* alloc.c */,
				04836707223E769C00DF796D /* array.c */,
				04836709223E769C00DF796D /* binding */,
				048366FD223E769B00DF796D /* bootstrap.c */,
				04836701223E769B00DF796D /* context.c */,
				048366FF223E769B00DF796D /* decode.c */,
				04836703223E769B00DF796D /* map.c */,
				04836700223E769B00DF796D /* pattern.c */,
				04836708223E769C00DF796D /* proto.c */,
				048366FE223E769B00DF796D /* register.c */,
				04836706223E769B00DF796D /* rmessage.c */,
				048366FC223E769B00DF796D /* stringpool.c */,
				04836705223E769B00DF796D /* varint.c */,
				04836702223E769B00DF796D /* wmessage.c */,
			);
			name = src;
			sourceTree = "<group>";
		};
		04836709223E769C00DF796D /* binding */ = {
			isa = PBXGroup;
			children = (
				0483670A223E769C00DF796D /* lua */,
			);
			name = binding;
			path = ../../../libs_src/pbc/binding;
			sourceTree = "<group>";
		};
		0483670A223E769C00DF796D /* lua */ = {
			isa = PBXGroup;
			children = (
				0483670B223E769C00DF796D /* pbc-lua.c */,
			);
			path = lua;
			sourceTree = "<group>";
		};
		0DA1635517A7C18B00FF4531 = {
			isa = PBXGroup;
			children = (
				048366FB223E768D00DF796D /* src */,
				048366FA223E768300DF796D /* include */,
				0DA1635F17A7C18B00FF4531 /* Products */,
			);
			sourceTree = "<group>";
		};
		0DA1635F17A7C18B00FF4531 /* Products */ = {
			isa = PBXGroup;
			children = (
				0DA1635E17A7C18B00FF4531 /* libpbc.a */,
			);
			name = Products;
			sourceTree = "<group>";
		};
/* End PBXGroup section */

/* Begin PBXNativeTarget section */
		0DA1635D17A7C18B00FF4531 /* pbc */ = {
			isa = PBXNativeTarget;
			buildConfigurationList = 0DA1636C17A7C18B00FF4531 /* Build configuration list for PBXNativeTarget "pbc" */;
			buildPhases = (
				0DA1635A17A7C18B00FF4531 /* Sources */,
				0DA1635B17A7C18B00FF4531 /* Frameworks */,
				0DA1635C17A7C18B00FF4531 /* CopyFiles */,
			);
			buildRules = (
			);
			dependencies = (
			);
			name = pbc;
			productName = cocos2dx;
			productReference = 0DA1635E17A7C18B00FF4531 /* libpbc.a */;
			productType = "com.apple.product-type.library.static";
		};
/* End PBXNativeTarget section */

/* Begin PBXProject section */
		0DA1635617A7C18B00FF4531 /* Project object */ = {
			isa = PBXProject;
			attributes = {
				LastUpgradeCheck = 0610;
				ORGANIZATIONNAME = "";
			};
			buildConfigurationList = 0DA1635917A7C18B00FF4531 /* Build configuration list for PBXProject "pbc" */;
			compatibilityVersion = "Xcode 3.2";
			developmentRegion = English;
			hasScannedForEncodings = 0;
			knownRegions = (
				en,
			);
			mainGroup = 0DA1635517A7C18B00FF4531;
			productRefGroup = 0DA1635F17A7C18B00FF4531 /* Products */;
			projectDirPath = "";
			projectRoot = "";
			targets = (
				0DA1635D17A7C18B00FF4531 /* pbc */,
			);
		};
/* End PBXProject section */

/* Begin PBXSourcesBuildPhase section */
		0DA1635A17A7C18B00FF4531 /* Sources */ = {
			isa = PBXSourcesBuildPhase;
			buildActionMask = 2147483647;
			files = (
				04836714223E769C00DF796D /* alloc.c in Sources */,
				0483670D223E769C00DF796D /* bootstrap.c in Sources */,
				04836712223E769C00DF796D /* wmessage.c in Sources */,
				04836717223E769C00DF796D /* array.c in Sources */,
				04836715223E769C00DF796D /* varint.c in Sources */,
				0483670F223E769C00DF796D /* decode.c in Sources */,
				0483670C223E769C00DF796D /* stringpool.c in Sources */,
				04836718223E769C00DF796D /* proto.c in Sources */,
				04836719223E769C00DF796D /* pbc-lua.c in Sources */,
				04836713223E769C00DF796D /* map.c in Sources */,
				04836711223E769C00DF796D /* context.c in Sources */,
				0483670E223E769C00DF796D /* register.c in Sources */,
				04836710223E769C00DF796D /* pattern.c in Sources */,
				04836716223E769C00DF796D /* rmessage.c in Sources */,
			);
			runOnlyForDeploymentPostprocessing = 0;
		};
/* End PBXSourcesBuildPhase section */

/* Begin XCBuildConfiguration section */
		0DA1636A17A7C18B00FF4531 /* Debug */ = {
			isa = XCBuildConfiguration;
			buildSettings = {
				ALWAYS_SEARCH_USER_PATHS = YES;
				CODE_SIGN_IDENTITY = "";
				"CODE_SIGN_IDENTITY[sdk=iphoneos*]" = "";
				COPY_PHASE_STRIP = YES;
				DEBUG_INFORMATION_FORMAT = dwarf;
				GCC_C_LANGUAGE_STANDARD = "compiler-default";
				GCC_DYNAMIC_NO_PIC = NO;
				GCC_OPTIMIZATION_LEVEL = 0;
				GCC_PREPROCESSOR_DEFINITIONS = (
					DEBUG,
					"COCOS2D_DEBUG=1",
					USE_FILE32API,
					TARGET_OS_IPHONE,
					"CC_FIX_ARTIFACTS_BY_STRECHING_TEXEL=1",
				);
				GCC_SYMBOLS_PRIVATE_EXTERN = NO;
				GCC_VERSION = "";
				GCC_WARN_ABOUT_RETURN_TYPE = YES;
				GCC_WARN_UNINITIALIZED_AUTOS = YES;
				GCC_WARN_UNUSED_VARIABLE = YES;
				HEADER_SEARCH_PATHS = (
					"$(SDKROOT)/usr/include/libxml2",
					../../../cocos2dxlib/cocos2dx,
					../../../cocos2dxlib/cocos2dx/include,
					../../../cocos2dxlib/cocos2dx/platform/ios,
					../../../cocos2dxlib/cocos2dx/kazmath/include,
				);
				IPHONEOS_DEPLOYMENT_TARGET = 5.0;
				ONLY_ACTIVE_ARCH = YES;
				OTHER_CFLAGS = "-DDEBUG=1";
				SDKROOT = iphoneos;
				VALIDATE_PRODUCT = NO;
			};
			name = Debug;
		};
		0DA1636B17A7C18B00FF4531 /* Release */ = {
			isa = XCBuildConfiguration;
			buildSettings = {
				ALWAYS_SEARCH_USER_PATHS = YES;
				CODE_SIGN_IDENTITY = "";
				"CODE_SIGN_IDENTITY[sdk=iphoneos*]" = "";
				COPY_PHASE_STRIP = YES;
				GCC_C_LANGUAGE_STANDARD = "compiler-default";
				GCC_OPTIMIZATION_LEVEL = s;
				GCC_PREPROCESSOR_DEFINITIONS = (
					NDEBUG,
					USE_FILE32API,
					TARGET_OS_IPHONE,
					"CC_FIX_ARTIFACTS_BY_STRECHING_TEXEL=1",
				);
				GCC_VERSION = "";
				GCC_WARN_ABOUT_RETURN_TYPE = YES;
				GCC_WARN_UNINITIALIZED_AUTOS = YES;
				GCC_WARN_UNUSED_VARIABLE = YES;
				HEADER_SEARCH_PATHS = (
					"$(SDKROOT)/usr/include/libxml2",
					../../../cocos2dxlib/cocos2dx,
					../../../cocos2dxlib/cocos2dx/include,
					../../../cocos2dxlib/cocos2dx/platform/ios,
					../../../cocos2dxlib/cocos2dx/kazmath/include,
				);
				IPHONEOS_DEPLOYMENT_TARGET = 5.0;
				ONLY_ACTIVE_ARCH = NO;
				OTHER_CFLAGS = "-DNS_BLOCK_ASSERTIONS=1";
				SDKROOT = iphoneos;
				VALIDATE_PRODUCT = NO;
			};
			name = Release;
		};
		0DA1636D17A7C18B00FF4531 /* Debug */ = {
			isa = XCBuildConfiguration;
			buildSettings = {
				ALWAYS_SEARCH_USER_PATHS = YES;
				ARCHS = "$(ARCHS_STANDARD)";
				CLANG_CXX_LANGUAGE_STANDARD = "c++0x";
				CLANG_CXX_LIBRARY = "libc++";
				DSTROOT = "";
				ENABLE_BITCODE = NO;
				FRAMEWORK_SEARCH_PATHS = "$(inherited)";
				GCC_C_LANGUAGE_STANDARD = c11;
				GCC_OPTIMIZATION_LEVEL = 0;
				GCC_PRECOMPILE_PREFIX_HEADER = YES;
				GCC_PREFIX_HEADER = ../Prefix.pch;
				GCC_PREPROCESSOR_DEFINITIONS = (
					CC_TARGET_OS_IPHONE,
					DEBUG,
				);
				GCC_PREPROCESSOR_DEFINITIONS_NOT_USED_IN_PRECOMPS = "";
				GCC_VERSION = "";
				GCC_WARN_UNINITIALIZED_AUTOS = YES;
				HEADER_SEARCH_PATHS = (
					../../../libs/include/luascript/lua,
					../../../libs/include/pbc,
				);
				IPHONEOS_DEPLOYMENT_TARGET = 8.0;
				LIBRARY_SEARCH_PATHS = "";
				ONLY_ACTIVE_ARCH = YES;
				OTHER_LDFLAGS = "";
				PRODUCT_NAME = pbc;
				PUBLIC_HEADERS_FOLDER_PATH = "";
				SKIP_INSTALL = YES;
				USER_HEADER_SEARCH_PATHS = "";
				VALID_ARCHS = "arm64 armv7 armv7s";
			};
			name = Debug;
		};
		0DA1636E17A7C18B00FF4531 /* Release */ = {
			isa = XCBuildConfiguration;
			buildSettings = {
				ALWAYS_SEARCH_USER_PATHS = YES;
				ARCHS = "$(ARCHS_STANDARD)";
				CLANG_CXX_LANGUAGE_STANDARD = "c++0x";
				CLANG_CXX_LIBRARY = "libc++";
				DSTROOT = "";
				ENABLE_BITCODE = NO;
				FRAMEWORK_SEARCH_PATHS = "$(inherited)";
				GCC_C_LANGUAGE_STANDARD = c11;
				GCC_PRECOMPILE_PREFIX_HEADER = YES;
				GCC_PREFIX_HEADER = ../Prefix.pch;
				GCC_PREPROCESSOR_DEFINITIONS = (
					CC_TARGET_OS_IPHONE,
					NDEBUG,
				);
				GCC_SYMBOLS_PRIVATE_EXTERN = YES;
				GCC_VERSION = "";
				GCC_WARN_UNINITIALIZED_AUTOS = YES;
				HEADER_SEARCH_PATHS = (
					../../../libs/include/luascript/lua,
					../../../libs/include/pbc,
				);
				IPHONEOS_DEPLOYMENT_TARGET = 8.0;
				LIBRARY_SEARCH_PATHS = "";
				ONLY_ACTIVE_ARCH = NO;
				OTHER_LDFLAGS = "";
				PRODUCT_NAME = pbc;
				PUBLIC_HEADERS_FOLDER_PATH = "";
				SKIP_INSTALL = YES;
				USER_HEADER_SEARCH_PATHS = "";
				VALIDATE_PRODUCT = YES;
				VALID_ARCHS = "arm64 armv7 armv7s";
			};
			name = Release;
		};
/* End XCBuildConfiguration section */

/* Begin XCConfigurationList section */
		0DA1635917A7C18B00FF4531 /* Build configuration list for PBXProject "pbc" */ = {
			isa = XCConfigurationList;
			buildConfigurations = (
				0DA1636A17A7C18B00FF4531 /* Debug */,
				0DA1636B17A7C18B00FF4531 /* Release */,
			);
			defaultConfigurationIsVisible = 0;
			defaultConfigurationName = Release;
		};
		0DA1636C17A7C18B00FF4531 /* Build configuration list for PBXNativeTarget "pbc" */ = {
			isa = XCConfigurationList;
			buildConfigurations = (
				0DA1636D17A7C18B00FF4531 /* Debug */,
				0DA1636E17A7C18B00FF4531 /* Release */,
			);
			defaultConfigurationIsVisible = 0;
			defaultConfigurationName = Release;
		};
/* End XCConfigurationList section */
	};
	rootObject = 0DA1635617A7C18B00FF4531 /* Project object */;
}
