<?xml version="1.0" encoding="utf-8"?>
<Project ToolsVersion="4.0" xmlns="http://schemas.microsoft.com/developer/msbuild/2003">
  <ItemGroup>
    <Filter Include="LuaPlus">
      <UniqueIdentifier>{5c993fd8-4ea3-4088-b2d6-c44d5d118bcd}</UniqueIdentifier>
    </Filter>
    <Filter Include="LuaPlus\Lua">
      <UniqueIdentifier>{7fe289a5-6d35-4a50-96de-668f0e015018}</UniqueIdentifier>
    </Filter>
    <Filter Include="Header Files">
      <UniqueIdentifier>{40d273d8-184d-4d2e-bcd0-fd26419246ef}</UniqueIdentifier>
    </Filter>
    <Filter Include="Source Files">
      <UniqueIdentifier>{f5928f11-ca15-44f3-8d86-3ebae1fce3e7}</UniqueIdentifier>
    </Filter>
  </ItemGroup>
  <ItemGroup>
    <ClInclude Include="LuaPlus\LuaAutoBlock.h">
      <Filter>LuaPlus</Filter>
    </ClInclude>
    <ClInclude Include="LuaPlus\LuaCall.h">
      <Filter>LuaPlus</Filter>
    </ClInclude>
    <ClInclude Include="LuaPlus\LuaFunction.h">
      <Filter>LuaPlus</Filter>
    </ClInclude>
    <ClInclude Include="LuaPlus\LuaHelper.h">
      <Filter>LuaPlus</Filter>
    </ClInclude>
    <ClInclude Include="LuaPlus\LuaHelper_Object.h">
      <Filter>LuaPlus</Filter>
    </ClInclude>
    <ClInclude Include="LuaPlus\LuaHelper_StackObject.h">
      <Filter>LuaPlus</Filter>
    </ClInclude>
    <ClInclude Include="LuaPlus\LuaLink.h">
      <Filter>LuaPlus</Filter>
    </ClInclude>
    <ClInclude Include="LuaPlus\LuaObject.h">
      <Filter>LuaPlus</Filter>
    </ClInclude>
    <ClInclude Include="LuaPlus\LuaPlus.h">
      <Filter>LuaPlus</Filter>
    </ClInclude>
    <ClInclude Include="LuaPlus\LuaPlusCD.h">
      <Filter>LuaPlus</Filter>
    </ClInclude>
    <ClInclude Include="LuaPlus\LuaPlusInternal.h">
      <Filter>LuaPlus</Filter>
    </ClInclude>
    <ClInclude Include="LuaPlus\LuaStackObject.h">
      <Filter>LuaPlus</Filter>
    </ClInclude>
    <ClInclude Include="LuaPlus\LuaStackTableIterator.h">
      <Filter>LuaPlus</Filter>
    </ClInclude>
    <ClInclude Include="LuaPlus\LuaState.h">
      <Filter>LuaPlus</Filter>
    </ClInclude>
    <ClInclude Include="LuaPlus\LuaStateCD.h">
      <Filter>LuaPlus</Filter>
    </ClInclude>
    <ClInclude Include="LuaPlus\LuaStateOutFile.h">
      <Filter>LuaPlus</Filter>
    </ClInclude>
    <ClInclude Include="LuaPlus\LuaTableIterator.h">
      <Filter>LuaPlus</Filter>
    </ClInclude>
    <ClInclude Include="LuaPlus\luathread.h">
      <Filter>LuaPlus</Filter>
    </ClInclude>
    <ClInclude Include="LuaPlus\pt.h">
      <Filter>LuaPlus</Filter>
    </ClInclude>
    <ClInclude Include="LuaPlus\srm.h">
      <Filter>LuaPlus</Filter>
    </ClInclude>
    <ClInclude Include="LuaPlus\src\lapi.h">
      <Filter>LuaPlus\Lua</Filter>
    </ClInclude>
    <ClInclude Include="LuaPlus\src\lauxlib.h">
      <Filter>LuaPlus\Lua</Filter>
    </ClInclude>
    <ClInclude Include="LuaPlus\src\lcode.h">
      <Filter>LuaPlus\Lua</Filter>
    </ClInclude>
    <ClInclude Include="LuaPlus\src\ldebug.h">
      <Filter>LuaPlus\Lua</Filter>
    </ClInclude>
    <ClInclude Include="LuaPlus\src\ldo.h">
      <Filter>LuaPlus\Lua</Filter>
    </ClInclude>
    <ClInclude Include="LuaPlus\src\lfunc.h">
      <Filter>LuaPlus\Lua</Filter>
    </ClInclude>
    <ClInclude Include="LuaPlus\src\lgc.h">
      <Filter>LuaPlus\Lua</Filter>
    </ClInclude>
    <ClInclude Include="LuaPlus\src\llex.h">
      <Filter>LuaPlus\Lua</Filter>
    </ClInclude>
    <ClInclude Include="LuaPlus\src\llimits.h">
      <Filter>LuaPlus\Lua</Filter>
    </ClInclude>
    <ClInclude Include="LuaPlus\src\lmem.h">
      <Filter>LuaPlus\Lua</Filter>
    </ClInclude>
    <ClInclude Include="LuaPlus\src\lobject.h">
      <Filter>LuaPlus\Lua</Filter>
    </ClInclude>
    <ClInclude Include="LuaPlus\src\lopcodes.h">
      <Filter>LuaPlus\Lua</Filter>
    </ClInclude>
    <ClInclude Include="LuaPlus\src\lparser.h">
      <Filter>LuaPlus\Lua</Filter>
    </ClInclude>
    <ClInclude Include="LuaPlus\src\lstate.h">
      <Filter>LuaPlus\Lua</Filter>
    </ClInclude>
    <ClInclude Include="LuaPlus\src\lstring.h">
      <Filter>LuaPlus\Lua</Filter>
    </ClInclude>
    <ClInclude Include="LuaPlus\src\ltable.h">
      <Filter>LuaPlus\Lua</Filter>
    </ClInclude>
    <ClInclude Include="LuaPlus\src\ltm.h">
      <Filter>LuaPlus\Lua</Filter>
    </ClInclude>
    <ClInclude Include="LuaPlus\src\lua.h">
      <Filter>LuaPlus\Lua</Filter>
    </ClInclude>
    <ClInclude Include="LuaPlus\src\luaconf.h">
      <Filter>LuaPlus\Lua</Filter>
    </ClInclude>
    <ClInclude Include="LuaPlus\src\lualib.h">
      <Filter>LuaPlus\Lua</Filter>
    </ClInclude>
    <ClInclude Include="LuaPlus\src\lundump.h">
      <Filter>LuaPlus\Lua</Filter>
    </ClInclude>
    <ClInclude Include="LuaPlus\src\lvm.h">
      <Filter>LuaPlus\Lua</Filter>
    </ClInclude>
    <ClInclude Include="LuaPlus\src\lzio.h">
      <Filter>LuaPlus\Lua</Filter>
    </ClInclude>
    <ClInclude Include="Config.h">
      <Filter>Header Files</Filter>
    </ClInclude>
    <ClInclude Include="LuaEngine.h">
      <Filter>Header Files</Filter>
    </ClInclude>
    <ClInclude Include="LuaErrorProc.h">
      <Filter>Header Files</Filter>
    </ClInclude>
    <ClInclude Include="LuaInterface.h">
      <Filter>Header Files</Filter>
    </ClInclude>
    <ClInclude Include="LuaRegistryKey.h">
      <Filter>Header Files</Filter>
    </ClInclude>
    <ClInclude Include="LuaString.h">
      <Filter>Header Files</Filter>
    </ClInclude>
    <ClInclude Include="LuaTable.h">
      <Filter>Header Files</Filter>
    </ClInclude>
    <ClInclude Include="LuaThreadMgr.h">
      <Filter>Header Files</Filter>
    </ClInclude>
  </ItemGroup>
  <ItemGroup>
    <None Include="LuaPlus\LuaCall.inl">
      <Filter>LuaPlus</Filter>
    </None>
    <None Include="LuaPlus\LuaObject.inl">
      <Filter>LuaPlus</Filter>
    </None>
    <None Include="LuaPlus\LuaStackObject.inl">
      <Filter>LuaPlus</Filter>
    </None>
    <None Include="LuaPlus\LuaStackTableIterator.inl">
      <Filter>LuaPlus</Filter>
    </None>
    <None Include="LuaPlus\LuaState.inl">
      <Filter>LuaPlus</Filter>
    </None>
  </ItemGroup>
  <ItemGroup>
    <ClCompile Include="LuaPlus\LuaObject.cpp">
      <Filter>LuaPlus</Filter>
    </ClCompile>
    <ClCompile Include="LuaPlus\LuaPlus.cpp">
      <Filter>LuaPlus</Filter>
    </ClCompile>
    <ClCompile Include="LuaPlus\LuaPlus_Libs.cpp">
      <Filter>LuaPlus</Filter>
    </ClCompile>
    <ClCompile Include="LuaPlus\LuaPlusAddons.c">
      <Filter>LuaPlus</Filter>
    </ClCompile>
    <ClCompile Include="LuaPlus\LuaPlusFunctions.cpp">
      <Filter>LuaPlus</Filter>
    </ClCompile>
    <ClCompile Include="LuaPlus\LuaState.cpp">
      <Filter>LuaPlus</Filter>
    </ClCompile>
    <ClCompile Include="LuaPlus\LuaState_DumpObject.cpp">
      <Filter>LuaPlus</Filter>
    </ClCompile>
    <ClCompile Include="LuaPlus\LuaStateOutFile.cpp">
      <Filter>LuaPlus</Filter>
    </ClCompile>
    <ClCompile Include="LuaPlus\LuaTableIterator.cpp">
      <Filter>LuaPlus</Filter>
    </ClCompile>
    <ClCompile Include="LuaPlus\luathread.c">
      <Filter>LuaPlus</Filter>
    </ClCompile>
    <ClCompile Include="LuaPlus\lwstrlib.c">
      <Filter>LuaPlus</Filter>
    </ClCompile>
    <ClCompile Include="LuaPlus\popen.c">
      <Filter>LuaPlus</Filter>
    </ClCompile>
    <ClCompile Include="LuaPlus\pt.c">
      <Filter>LuaPlus</Filter>
    </ClCompile>
    <ClCompile Include="LuaPlus\srm.c">
      <Filter>LuaPlus</Filter>
    </ClCompile>
    <ClCompile Include="LuaPlus\src\lapi.c">
      <Filter>LuaPlus\Lua</Filter>
    </ClCompile>
    <ClCompile Include="LuaPlus\src\lauxlib.c">
      <Filter>LuaPlus\Lua</Filter>
    </ClCompile>
    <ClCompile Include="LuaPlus\src\lbaselib.c">
      <Filter>LuaPlus\Lua</Filter>
    </ClCompile>
    <ClCompile Include="LuaPlus\src\lcode.c">
      <Filter>LuaPlus\Lua</Filter>
    </ClCompile>
    <ClCompile Include="LuaPlus\src\ldblib.c">
      <Filter>LuaPlus\Lua</Filter>
    </ClCompile>
    <ClCompile Include="LuaPlus\src\ldebug.c">
      <Filter>LuaPlus\Lua</Filter>
    </ClCompile>
    <ClCompile Include="LuaPlus\src\ldo.c">
      <Filter>LuaPlus\Lua</Filter>
    </ClCompile>
    <ClCompile Include="LuaPlus\src\ldump.c">
      <Filter>LuaPlus\Lua</Filter>
    </ClCompile>
    <ClCompile Include="LuaPlus\src\lfunc.c">
      <Filter>LuaPlus\Lua</Filter>
    </ClCompile>
    <ClCompile Include="LuaPlus\src\lgc.c">
      <Filter>LuaPlus\Lua</Filter>
    </ClCompile>
    <ClCompile Include="LuaPlus\src\linit.c">
      <Filter>LuaPlus\Lua</Filter>
    </ClCompile>
    <ClCompile Include="LuaPlus\src\liolib.c">
      <Filter>LuaPlus\Lua</Filter>
    </ClCompile>
    <ClCompile Include="LuaPlus\src\llex.c">
      <Filter>LuaPlus\Lua</Filter>
    </ClCompile>
    <ClCompile Include="LuaPlus\src\lmathlib.c">
      <Filter>LuaPlus\Lua</Filter>
    </ClCompile>
    <ClCompile Include="LuaPlus\src\lmem.c">
      <Filter>LuaPlus\Lua</Filter>
    </ClCompile>
    <ClCompile Include="LuaPlus\src\loadlib.c">
      <Filter>LuaPlus\Lua</Filter>
    </ClCompile>
    <ClCompile Include="LuaPlus\src\lobject.c">
      <Filter>LuaPlus\Lua</Filter>
    </ClCompile>
    <ClCompile Include="LuaPlus\src\lopcodes.c">
      <Filter>LuaPlus\Lua</Filter>
    </ClCompile>
    <ClCompile Include="LuaPlus\src\loslib.c">
      <Filter>LuaPlus\Lua</Filter>
    </ClCompile>
    <ClCompile Include="LuaPlus\src\lparser.c">
      <Filter>LuaPlus\Lua</Filter>
    </ClCompile>
    <ClCompile Include="LuaPlus\src\lstate.c">
      <Filter>LuaPlus\Lua</Filter>
    </ClCompile>
    <ClCompile Include="LuaPlus\src\lstring.c">
      <Filter>LuaPlus\Lua</Filter>
    </ClCompile>
    <ClCompile Include="LuaPlus\src\lstrlib.c">
      <Filter>LuaPlus\Lua</Filter>
    </ClCompile>
    <ClCompile Include="LuaPlus\src\ltable.c">
      <Filter>LuaPlus\Lua</Filter>
    </ClCompile>
    <ClCompile Include="LuaPlus\src\ltablib.c">
      <Filter>LuaPlus\Lua</Filter>
    </ClCompile>
    <ClCompile Include="LuaPlus\src\ltm.c">
      <Filter>LuaPlus\Lua</Filter>
    </ClCompile>
    <ClCompile Include="LuaPlus\src\lundump.c">
      <Filter>LuaPlus\Lua</Filter>
    </ClCompile>
    <ClCompile Include="LuaPlus\src\lvm.c">
      <Filter>LuaPlus\Lua</Filter>
    </ClCompile>
    <ClCompile Include="LuaPlus\src\lzio.c">
      <Filter>LuaPlus\Lua</Filter>
    </ClCompile>
    <ClCompile Include="LuaPlus\src\print.c">
      <Filter>LuaPlus\Lua</Filter>
    </ClCompile>
    <ClCompile Include="LuaEngine.cpp">
      <Filter>Source Files</Filter>
    </ClCompile>
    <ClCompile Include="LuaErrorProc.cpp">
      <Filter>Source Files</Filter>
    </ClCompile>
    <ClCompile Include="LuaInterface.cpp">
      <Filter>Source Files</Filter>
    </ClCompile>
    <ClCompile Include="LuaString.cpp">
      <Filter>Source Files</Filter>
    </ClCompile>
    <ClCompile Include="LuaTable.cpp">
      <Filter>Source Files</Filter>
    </ClCompile>
    <ClCompile Include="LuaThreadMgr.cpp">
      <Filter>Source Files</Filter>
    </ClCompile>
  </ItemGroup>
</Project>