<?xml version="1.0" encoding="utf-8"?>
<Project ToolsVersion="4.0" xmlns="http://schemas.microsoft.com/developer/msbuild/2003">
  <ItemGroup>
    <Filter Include="Source Files">
      <UniqueIdentifier>{4FC737F1-C7A5-4376-A066-2A32D752A2FF}</UniqueIdentifier>
      <Extensions>cpp;c;cc;cxx;def;odl;idl;hpj;bat;asm;asmx</Extensions>
    </Filter>
    <Filter Include="Header Files">
      <UniqueIdentifier>{93995380-89BD-4b04-88EB-625FBE52EBFB}</UniqueIdentifier>
      <Extensions>h;hpp;hxx;hm;inl;inc;xsd</Extensions>
    </Filter>
    <Filter Include="Resource Files">
      <UniqueIdentifier>{67DA6AB6-F800-4c08-8B7A-83BB121AAD01}</UniqueIdentifier>
      <Extensions>rc;ico;cur;bmp;dlg;rc2;rct;bin;rgs;gif;jpg;jpeg;jpe;resx;tiff;tif;png;wav</Extensions>
    </Filter>
    <Filter Include="HTTP">
      <UniqueIdentifier>{beccc33c-d7f5-4faf-8c69-4f94413b4094}</UniqueIdentifier>
    </Filter>
    <Filter Include="PHPSession">
      <UniqueIdentifier>{9b01c1e9-5bd3-4fd4-a7e9-2a5c9f85c6f2}</UniqueIdentifier>
    </Filter>
    <Filter Include="ServerSession">
      <UniqueIdentifier>{98a1c90a-a755-4969-9bdb-96e686e920dd}</UniqueIdentifier>
    </Filter>
    <Filter Include="PacketHandler">
      <UniqueIdentifier>{380c5885-f681-45fe-ab83-cac592c8351e}</UniqueIdentifier>
    </Filter>
  </ItemGroup>
  <ItemGroup>
    <ClCompile Include="Main.cpp">
      <Filter>Source Files</Filter>
    </ClCompile>
    <ClCompile Include="OpenServer.cpp">
      <Filter>Source Files</Filter>
    </ClCompile>
    <ClCompile Include="stdafx.cpp">
      <Filter>Header Files</Filter>
    </ClCompile>
    <ClCompile Include="HttpQueryResult.cpp">
      <Filter>HTTP</Filter>
    </ClCompile>
    <ClCompile Include="HttpRequest.cpp">
      <Filter>HTTP</Filter>
    </ClCompile>
    <ClCompile Include="WinHttpClient.cpp">
      <Filter>HTTP</Filter>
    </ClCompile>
    <ClCompile Include="PHPSession.cpp">
      <Filter>PHPSession</Filter>
    </ClCompile>
    <ClCompile Include="PHPSessionFactory.cpp">
      <Filter>PHPSession</Filter>
    </ClCompile>
    <ClCompile Include="PHPSessionManager.cpp">
      <Filter>PHPSession</Filter>
    </ClCompile>
    <ClCompile Include="MapServerSession.cpp">
      <Filter>ServerSession</Filter>
    </ClCompile>
    <ClCompile Include="ServerSession.cpp">
      <Filter>ServerSession</Filter>
    </ClCompile>
    <ClCompile Include="ServerSessionFactory.cpp">
      <Filter>ServerSession</Filter>
    </ClCompile>
    <ClCompile Include="ServerSessionManager.cpp">
      <Filter>ServerSession</Filter>
    </ClCompile>
    <ClCompile Include="HandlerFromMap.cpp">
      <Filter>PacketHandler</Filter>
    </ClCompile>
    <ClCompile Include="PacketHandler.cpp">
      <Filter>PacketHandler</Filter>
    </ClCompile>
    <ClCompile Include="HttpRequestManager.cpp">
      <Filter>HTTP</Filter>
    </ClCompile>
  </ItemGroup>
  <ItemGroup>
    <ClInclude Include="OpenServer.h">
      <Filter>Source Files</Filter>
    </ClInclude>
    <ClInclude Include="stdafx.h">
      <Filter>Header Files</Filter>
    </ClInclude>
    <ClInclude Include="targetver.h">
      <Filter>Header Files</Filter>
    </ClInclude>
    <ClInclude Include="HttpQueryResult.h">
      <Filter>HTTP</Filter>
    </ClInclude>
    <ClInclude Include="HttpRequest.h">
      <Filter>HTTP</Filter>
    </ClInclude>
    <ClInclude Include="QueryPoolDefine.h">
      <Filter>HTTP</Filter>
    </ClInclude>
    <ClInclude Include="WinHttpClient.h">
      <Filter>HTTP</Filter>
    </ClInclude>
    <ClInclude Include="PHPSession.h">
      <Filter>PHPSession</Filter>
    </ClInclude>
    <ClInclude Include="PHPSessionFactory.h">
      <Filter>PHPSession</Filter>
    </ClInclude>
    <ClInclude Include="PHPSessionManager.h">
      <Filter>PHPSession</Filter>
    </ClInclude>
    <ClInclude Include="MapServerSession.h">
      <Filter>ServerSession</Filter>
    </ClInclude>
    <ClInclude Include="ServerSession.h">
      <Filter>ServerSession</Filter>
    </ClInclude>
    <ClInclude Include="ServerSessionFactory.h">
      <Filter>ServerSession</Filter>
    </ClInclude>
    <ClInclude Include="ServerSessionManager.h">
      <Filter>ServerSession</Filter>
    </ClInclude>
    <ClInclude Include="HandlerFromMap.h">
      <Filter>PacketHandler</Filter>
    </ClInclude>
    <ClInclude Include="PacketHandler.h">
      <Filter>PacketHandler</Filter>
    </ClInclude>
    <ClInclude Include="HttpRequestManager.h">
      <Filter>HTTP</Filter>
    </ClInclude>
  </ItemGroup>
  <ItemGroup>
    <Text Include="ReadMe.txt" />
  </ItemGroup>
</Project>